github.com/datewu/jsonlog v0.0.1 h1:SDUyAJutAhzsTCeiDcKkTPx4Ob+NFzETvrViA4G4ie8=
github.com/datewu/jsonlog v0.0.1/go.mod h1:f66gWawYjX0SUAFbqY0K40QL6z6EymaxIUpU+3TOrDI=
github.com/datewu/validator v0.0.1 h1:nOQs4CroGXlv8nEBmHmPL8cRS43Q1w8TcmyfnxPCmEk=
github.com/datewu/validator v0.0.1/go.mod h1:1Anfo7XwmSdxUS1qlMlbB43Kgvy+PBj3iz38qfEDuNc=
