github.com/datewu/jsonlog v0.0.2 h1:wnHnY2xlm/Nh89jNai4xD0qZW87QA52cb179kFRxBDE=
github.com/datewu/jsonlog v0.0.2/go.mod h1:mk49CHhFMYftu2CX+CnuyBU/t9UfDZ+bg8AiLg/PaIk=
github.com/datewu/validator v0.0.2 h1:BFgjsCqK2u7dFJiam/vuAi/Pyg0PcjO/oT9/DpeHskE=
github.com/datewu/validator v0.0.2/go.mod h1:8zNfkEbNdYHckxDP6yBLQydYz31nozFfMo15AG6JQ9g=
