github.com/datewu/security v0.2.5 h1:KPE3wvWTf2TGKU6ibHQ80Hr/dBu3wa0OOY3LfHnooZw=
github.com/datewu/security v0.2.5/go.mod h1:NLqgqyFzrOkGTVrD3ACX5yYlhlf95RR1xhe4iUdXMls=
golang.org/x/crypto v0.13.0 h1:mvySKfSWJ+UKUii46M40LOvyWfN0s2U+46/jDd0e6Ck=
golang.org/x/crypto v0.13.0/go.mod h1:y6Z2r+Rw4iayiXXAIxJIDAJ1zMW4yaTpebo8fPOliYc=
golang.org/x/time v0.3.0 h1:rg5rLMjNzMS1RkNLzCG38eapWhnYLFYXDXj2gOlr8j4=
golang.org/x/time v0.3.0/go.mod h1:tRJNPiyCQ0inRvYxbN9jk5I+vvW/OXSQhTDSoE431IQ=
